
Microsoft Visual Studio Solution File, Format Version 12.00
# Visual Studio Version 16
VisualStudioVersion = 16.0.31911.196
MinimumVisualStudioVersion = 10.0.40219.1
Project("{FAE04EC0-301F-11D3-BF4B-00C04F79EFBC}") = "ProgettoInformaticaForense_Argentieri", "ProgettoInformaticaForense_Argentieri\ProgettoInformaticaForense_Argentieri.csproj", "{05B59B12-0583-4D30-95AB-881A3C0308BC}"
EndProject
Global
	GlobalSection(SolutionConfigurationPlatforms) = preSolution
		Debug|Any CPU = Debug|Any CPU
		Debug|x86 = Debug|x86
		Release|Any CPU = Release|Any CPU
		Release|x86 = Release|x86
	EndGlobalSection
	GlobalSection(ProjectConfigurationPlatforms) = postSolution
		{05B59B12-0583-4D30-95AB-881A3C0308BC}.Debug|Any CPU.ActiveCfg = Debug|Any CPU
		{05B59B12-0583-4D30-95AB-881A3C0308BC}.Debug|Any CPU.Build.0 = Debug|Any CPU
		{05B59B12-0583-4D30-95AB-881A3C0308BC}.Debug|x86.ActiveCfg = Debug|Any CPU
		{05B59B12-0583-4D30-95AB-881A3C0308BC}.Debug|x86.Build.0 = Debug|Any CPU
		{05B59B12-0583-4D30-95AB-881A3C0308BC}.Release|Any CPU.ActiveCfg = Release|Any CPU
		{05B59B12-0583-4D30-95AB-881A3C0308BC}.Release|Any CPU.Build.0 = Release|Any CPU
		{05B59B12-0583-4D30-95AB-881A3C0308BC}.Release|x86.ActiveCfg = Release|Any CPU
		{05B59B12-0583-4D30-95AB-881A3C0308BC}.Release|x86.Build.0 = Release|Any CPU
	EndGlobalSection
	GlobalSection(SolutionProperties) = preSolution
		HideSolutionNode = FALSE
	EndGlobalSection
	GlobalSection(ExtensibilityGlobals) = postSolution
		SolutionGuid = {ABFB4D8B-65F8-485B-9F2A-007B4700DE71}
	EndGlobalSection
EndGlobal
